
Microsoft Visual Studio Solution File, Format Version 12.00
# Visual Studio 15
VisualStudioVersion = 15.0.26430.6
MinimumVisualStudioVersion = 10.0.40219.1
Project("{FAE04EC0-301F-11D3-BF4B-00C04F79EFBC}") = "BindablePropertyDemo.Android", "BindablePropertyDemo\BindablePropertyDemo.Android\BindablePropertyDemo.Android.csproj", "{E8F418C8-6BB9-4D5F-9F38-14C0FD346D78}"
EndProject
Project("{FAE04EC0-301F-11D3-BF4B-00C04F79EFBC}") = "BindablePropertyDemo", "BindablePropertyDemo\BindablePropertyDemo\BindablePropertyDemo.csproj", "{33D9BAD3-AFD4-4A45-9207-9D3A10473D78}"
EndProject
Project("{FAE04EC0-301F-11D3-BF4B-00C04F79EFBC}") = "BindablePropertyDemo.UWP", "BindablePropertyDemo\BindablePropertyDemo.UWP\BindablePropertyDemo.UWP.csproj", "{C032FD6F-31CB-4A08-8196-26CA7EE2C92B}"
EndProject
Project("{FAE04EC0-301F-11D3-BF4B-00C04F79EFBC}") = "BindablePropertyDemo.iOS", "BindablePropertyDemo\BindablePropertyDemo.iOS\BindablePropertyDemo.iOS.csproj", "{F8549E44-21A9-4C1E-A525-32FB203D5EEC}"
EndProject
Global
	GlobalSection(SolutionConfigurationPlatforms) = preSolution
		Ad-Hoc|Any CPU = Ad-Hoc|Any CPU
		Ad-Hoc|ARM = Ad-Hoc|ARM
		Ad-Hoc|iPhone = Ad-Hoc|iPhone
		Ad-Hoc|iPhoneSimulator = Ad-Hoc|iPhoneSimulator
		Ad-Hoc|x64 = Ad-Hoc|x64
		Ad-Hoc|x86 = Ad-Hoc|x86
		AppStore|Any CPU = AppStore|Any CPU
		AppStore|ARM = AppStore|ARM
		AppStore|iPhone = AppStore|iPhone
		AppStore|iPhoneSimulator = AppStore|iPhoneSimulator
		AppStore|x64 = AppStore|x64
		AppStore|x86 = AppStore|x86
		Debug|Any CPU = Debug|Any CPU
		Debug|ARM = Debug|ARM
		Debug|iPhone = Debug|iPhone
		Debug|iPhoneSimulator = Debug|iPhoneSimulator
		Debug|x64 = Debug|x64
		Debug|x86 = Debug|x86
		Release|Any CPU = Release|Any CPU
		Release|ARM = Release|ARM
		Release|iPhone = Release|iPhone
		Release|iPhoneSimulator = Release|iPhoneSimulator
		Release|x64 = Release|x64
		Release|x86 = Release|x86
	EndGlobalSection
	GlobalSection(ProjectConfigurationPlatforms) = postSolution
		{E8F418C8-6BB9-4D5F-9F38-14C0FD346D78}.Ad-Hoc|Any CPU.ActiveCfg = Release|Any CPU
		{E8F418C8-6BB9-4D5F-9F38-14C0FD346D78}.Ad-Hoc|Any CPU.Build.0 = Release|Any CPU
		{E8F418C8-6BB9-4D5F-9F38-14C0FD346D78}.Ad-Hoc|Any CPU.Deploy.0 = Release|Any CPU
		{E8F418C8-6BB9-4D5F-9F38-14C0FD346D78}.Ad-Hoc|ARM.ActiveCfg = Release|Any CPU
		{E8F418C8-6BB9-4D5F-9F38-14C0FD346D78}.Ad-Hoc|ARM.Build.0 = Release|Any CPU
		{E8F418C8-6BB9-4D5F-9F38-14C0FD346D78}.Ad-Hoc|ARM.Deploy.0 = Release|Any CPU
		{E8F418C8-6BB9-4D5F-9F38-14C0FD346D78}.Ad-Hoc|iPhone.ActiveCfg = Release|Any CPU
		{E8F418C8-6BB9-4D5F-9F38-14C0FD346D78}.Ad-Hoc|iPhone.Build.0 = Release|Any CPU
		{E8F418C8-6BB9-4D5F-9F38-14C0FD346D78}.Ad-Hoc|iPhone.Deploy.0 = Release|Any CPU
		{E8F418C8-6BB9-4D5F-9F38-14C0FD346D78}.Ad-Hoc|iPhoneSimulator.ActiveCfg = Release|Any CPU
		{E8F418C8-6BB9-4D5F-9F38-14C0FD346D78}.Ad-Hoc|iPhoneSimulator.Build.0 = Release|Any CPU
		{E8F418C8-6BB9-4D5F-9F38-14C0FD346D78}.Ad-Hoc|iPhoneSimulator.Deploy.0 = Release|Any CPU
		{E8F418C8-6BB9-4D5F-9F38-14C0FD346D78}.Ad-Hoc|x64.ActiveCfg = Release|Any CPU
		{E8F418C8-6BB9-4D5F-9F38-14C0FD346D78}.Ad-Hoc|x64.Build.0 = Release|Any CPU
		{E8F418C8-6BB9-4D5F-9F38-14C0FD346D78}.Ad-Hoc|x64.Deploy.0 = Release|Any CPU
		{E8F418C8-6BB9-4D5F-9F38-14C0FD346D78}.Ad-Hoc|x86.ActiveCfg = Release|Any CPU
		{E8F418C8-6BB9-4D5F-9F38-14C0FD346D78}.Ad-Hoc|x86.Build.0 = Release|Any CPU
		{E8F418C8-6BB9-4D5F-9F38-14C0FD346D78}.Ad-Hoc|x86.Deploy.0 = Release|Any CPU
		{E8F418C8-6BB9-4D5F-9F38-14C0FD346D78}.AppStore|Any CPU.ActiveCfg = Release|Any CPU
		{E8F418C8-6BB9-4D5F-9F38-14C0FD346D78}.AppStore|Any CPU.Build.0 = Release|Any CPU
		{E8F418C8-6BB9-4D5F-9F38-14C0FD346D78}.AppStore|Any CPU.Deploy.0 = Release|Any CPU
		{E8F418C8-6BB9-4D5F-9F38-14C0FD346D78}.AppStore|ARM.ActiveCfg = Release|Any CPU
		{E8F418C8-6BB9-4D5F-9F38-14C0FD346D78}.AppStore|ARM.Build.0 = Release|Any CPU
		{E8F418C8-6BB9-4D5F-9F38-14C0FD346D78}.AppStore|ARM.Deploy.0 = Release|Any CPU
		{E8F418C8-6BB9-4D5F-9F38-14C0FD346D78}.AppStore|iPhone.ActiveCfg = Release|Any CPU
		{E8F418C8-6BB9-4D5F-9F38-14C0FD346D78}.AppStore|iPhone.Build.0 = Release|Any CPU
		{E8F418C8-6BB9-4D5F-9F38-14C0FD346D78}.AppStore|iPhone.Deploy.0 = Release|Any CPU
		{E8F418C8-6BB9-4D5F-9F38-14C0FD346D78}.AppStore|iPhoneSimulator.ActiveCfg = Release|Any CPU
		{E8F418C8-6BB9-4D5F-9F38-14C0FD346D78}.AppStore|iPhoneSimulator.Build.0 = Release|Any CPU
		{E8F418C8-6BB9-4D5F-9F38-14C0FD346D78}.AppStore|iPhoneSimulator.Deploy.0 = Release|Any CPU
		{E8F418C8-6BB9-4D5F-9F38-14C0FD346D78}.AppStore|x64.ActiveCfg = Release|Any CPU
		{E8F418C8-6BB9-4D5F-9F38-14C0FD346D78}.AppStore|x64.Build.0 = Release|Any CPU
		{E8F418C8-6BB9-4D5F-9F38-14C0FD346D78}.AppStore|x64.Deploy.0 = Release|Any CPU
		{E8F418C8-6BB9-4D5F-9F38-14C0FD346D78}.AppStore|x86.ActiveCfg = Release|Any CPU
		{E8F418C8-6BB9-4D5F-9F38-14C0FD346D78}.AppStore|x86.Build.0 = Release|Any CPU
		{E8F418C8-6BB9-4D5F-9F38-14C0FD346D78}.AppStore|x86.Deploy.0 = Release|Any CPU
		{E8F418C8-6BB9-4D5F-9F38-14C0FD346D78}.Debug|Any CPU.ActiveCfg = Debug|Any CPU
		{E8F418C8-6BB9-4D5F-9F38-14C0FD346D78}.Debug|Any CPU.Build.0 = Debug|Any CPU
		{E8F418C8-6BB9-4D5F-9F38-14C0FD346D78}.Debug|Any CPU.Deploy.0 = Debug|Any CPU
		{E8F418C8-6BB9-4D5F-9F38-14C0FD346D78}.Debug|ARM.ActiveCfg = Debug|Any CPU
		{E8F418C8-6BB9-4D5F-9F38-14C0FD346D78}.Debug|ARM.Build.0 = Debug|Any CPU
		{E8F418C8-6BB9-4D5F-9F38-14C0FD346D78}.Debug|ARM.Deploy.0 = Debug|Any CPU
		{E8F418C8-6BB9-4D5F-9F38-14C0FD346D78}.Debug|iPhone.ActiveCfg = Debug|Any CPU
		{E8F418C8-6BB9-4D5F-9F38-14C0FD346D78}.Debug|iPhone.Build.0 = Debug|Any CPU
		{E8F418C8-6BB9-4D5F-9F38-14C0FD346D78}.Debug|iPhone.Deploy.0 = Debug|Any CPU
		{E8F418C8-6BB9-4D5F-9F38-14C0FD346D78}.Debug|iPhoneSimulator.ActiveCfg = Debug|Any CPU
		{E8F418C8-6BB9-4D5F-9F38-14C0FD346D78}.Debug|iPhoneSimulator.Build.0 = Debug|Any CPU
		{E8F418C8-6BB9-4D5F-9F38-14C0FD346D78}.Debug|iPhoneSimulator.Deploy.0 = Debug|Any CPU
		{E8F418C8-6BB9-4D5F-9F38-14C0FD346D78}.Debug|x64.ActiveCfg = Debug|Any CPU
		{E8F418C8-6BB9-4D5F-9F38-14C0FD346D78}.Debug|x64.Build.0 = Debug|Any CPU
		{E8F418C8-6BB9-4D5F-9F38-14C0FD346D78}.Debug|x64.Deploy.0 = Debug|Any CPU
		{E8F418C8-6BB9-4D5F-9F38-14C0FD346D78}.Debug|x86.ActiveCfg = Debug|Any CPU
		{E8F418C8-6BB9-4D5F-9F38-14C0FD346D78}.Debug|x86.Build.0 = Debug|Any CPU
		{E8F418C8-6BB9-4D5F-9F38-14C0FD346D78}.Debug|x86.Deploy.0 = Debug|Any CPU
		{E8F418C8-6BB9-4D5F-9F38-14C0FD346D78}.Release|Any CPU.ActiveCfg = Release|Any CPU
		{E8F418C8-6BB9-4D5F-9F38-14C0FD346D78}.Release|Any CPU.Build.0 = Release|Any CPU
		{E8F418C8-6BB9-4D5F-9F38-14C0FD346D78}.Release|Any CPU.Deploy.0 = Release|Any CPU
		{E8F418C8-6BB9-4D5F-9F38-14C0FD346D78}.Release|ARM.ActiveCfg = Release|Any CPU
		{E8F418C8-6BB9-4D5F-9F38-14C0FD346D78}.Release|ARM.Build.0 = Release|Any CPU
		{E8F418C8-6BB9-4D5F-9F38-14C0FD346D78}.Release|ARM.Deploy.0 = Release|Any CPU
		{E8F418C8-6BB9-4D5F-9F38-14C0FD346D78}.Release|iPhone.ActiveCfg = Release|Any CPU
		{E8F418C8-6BB9-4D5F-9F38-14C0FD346D78}.Release|iPhone.Build.0 = Release|Any CPU
		{E8F418C8-6BB9-4D5F-9F38-14C0FD346D78}.Release|iPhone.Deploy.0 = Release|Any CPU
		{E8F418C8-6BB9-4D5F-9F38-14C0FD346D78}.Release|iPhoneSimulator.ActiveCfg = Release|Any CPU
		{E8F418C8-6BB9-4D5F-9F38-14C0FD346D78}.Release|iPhoneSimulator.Build.0 = Release|Any CPU
		{E8F418C8-6BB9-4D5F-9F38-14C0FD346D78}.Release|iPhoneSimulator.Deploy.0 = Release|Any CPU
		{E8F418C8-6BB9-4D5F-9F38-14C0FD346D78}.Release|x64.ActiveCfg = Release|Any CPU
		{E8F418C8-6BB9-4D5F-9F38-14C0FD346D78}.Release|x64.Build.0 = Release|Any CPU
		{E8F418C8-6BB9-4D5F-9F38-14C0FD346D78}.Release|x64.Deploy.0 = Release|Any CPU
		{E8F418C8-6BB9-4D5F-9F38-14C0FD346D78}.Release|x86.ActiveCfg = Release|Any CPU
		{E8F418C8-6BB9-4D5F-9F38-14C0FD346D78}.Release|x86.Build.0 = Release|Any CPU
		{E8F418C8-6BB9-4D5F-9F38-14C0FD346D78}.Release|x86.Deploy.0 = Release|Any CPU
		{33D9BAD3-AFD4-4A45-9207-9D3A10473D78}.Ad-Hoc|Any CPU.ActiveCfg = Release|Any CPU
		{33D9BAD3-AFD4-4A45-9207-9D3A10473D78}.Ad-Hoc|Any CPU.Build.0 = Release|Any CPU
		{33D9BAD3-AFD4-4A45-9207-9D3A10473D78}.Ad-Hoc|ARM.ActiveCfg = Release|Any CPU
		{33D9BAD3-AFD4-4A45-9207-9D3A10473D78}.Ad-Hoc|ARM.Build.0 = Release|Any CPU
		{33D9BAD3-AFD4-4A45-9207-9D3A10473D78}.Ad-Hoc|iPhone.ActiveCfg = Release|Any CPU
		{33D9BAD3-AFD4-4A45-9207-9D3A10473D78}.Ad-Hoc|iPhone.Build.0 = Release|Any CPU
		{33D9BAD3-AFD4-4A45-9207-9D3A10473D78}.Ad-Hoc|iPhoneSimulator.ActiveCfg = Release|Any CPU
		{33D9BAD3-AFD4-4A45-9207-9D3A10473D78}.Ad-Hoc|iPhoneSimulator.Build.0 = Release|Any CPU
		{33D9BAD3-AFD4-4A45-9207-9D3A10473D78}.Ad-Hoc|x64.ActiveCfg = Release|Any CPU
		{33D9BAD3-AFD4-4A45-9207-9D3A10473D78}.Ad-Hoc|x64.Build.0 = Release|Any CPU
		{33D9BAD3-AFD4-4A45-9207-9D3A10473D78}.Ad-Hoc|x86.ActiveCfg = Release|Any CPU
		{33D9BAD3-AFD4-4A45-9207-9D3A10473D78}.Ad-Hoc|x86.Build.0 = Release|Any CPU
		{33D9BAD3-AFD4-4A45-9207-9D3A10473D78}.AppStore|Any CPU.ActiveCfg = Release|Any CPU
		{33D9BAD3-AFD4-4A45-9207-9D3A10473D78}.AppStore|Any CPU.Build.0 = Release|Any CPU
		{33D9BAD3-AFD4-4A45-9207-9D3A10473D78}.AppStore|ARM.ActiveCfg = Release|Any CPU
		{33D9BAD3-AFD4-4A45-9207-9D3A10473D78}.AppStore|ARM.Build.0 = Release|Any CPU
		{33D9BAD3-AFD4-4A45-9207-9D3A10473D78}.AppStore|iPhone.ActiveCfg = Release|Any CPU
		{33D9BAD3-AFD4-4A45-9207-9D3A10473D78}.AppStore|iPhone.Build.0 = Release|Any CPU
		{33D9BAD3-AFD4-4A45-9207-9D3A10473D78}.AppStore|iPhoneSimulator.ActiveCfg = Release|Any CPU
		{33D9BAD3-AFD4-4A45-9207-9D3A10473D78}.AppStore|iPhoneSimulator.Build.0 = Release|Any CPU
		{33D9BAD3-AFD4-4A45-9207-9D3A10473D78}.AppStore|x64.ActiveCfg = Release|Any CPU
		{33D9BAD3-AFD4-4A45-9207-9D3A10473D78}.AppStore|x64.Build.0 = Release|Any CPU
		{33D9BAD3-AFD4-4A45-9207-9D3A10473D78}.AppStore|x86.ActiveCfg = Release|Any CPU
		{33D9BAD3-AFD4-4A45-9207-9D3A10473D78}.AppStore|x86.Build.0 = Release|Any CPU
		{33D9BAD3-AFD4-4A45-9207-9D3A10473D78}.Debug|Any CPU.ActiveCfg = Debug|Any CPU
		{33D9BAD3-AFD4-4A45-9207-9D3A10473D78}.Debug|Any CPU.Build.0 = Debug|Any CPU
		{33D9BAD3-AFD4-4A45-9207-9D3A10473D78}.Debug|ARM.ActiveCfg = Debug|Any CPU
		{33D9BAD3-AFD4-4A45-9207-9D3A10473D78}.Debug|ARM.Build.0 = Debug|Any CPU
		{33D9BAD3-AFD4-4A45-9207-9D3A10473D78}.Debug|iPhone.ActiveCfg = Debug|Any CPU
		{33D9BAD3-AFD4-4A45-9207-9D3A10473D78}.Debug|iPhone.Build.0 = Debug|Any CPU
		{33D9BAD3-AFD4-4A45-9207-9D3A10473D78}.Debug|iPhoneSimulator.ActiveCfg = Debug|Any CPU
		{33D9BAD3-AFD4-4A45-9207-9D3A10473D78}.Debug|iPhoneSimulator.Build.0 = Debug|Any CPU
		{33D9BAD3-AFD4-4A45-9207-9D3A10473D78}.Debug|x64.ActiveCfg = Debug|Any CPU
		{33D9BAD3-AFD4-4A45-9207-9D3A10473D78}.Debug|x64.Build.0 = Debug|Any CPU
		{33D9BAD3-AFD4-4A45-9207-9D3A10473D78}.Debug|x86.ActiveCfg = Debug|Any CPU
		{33D9BAD3-AFD4-4A45-9207-9D3A10473D78}.Debug|x86.Build.0 = Debug|Any CPU
		{33D9BAD3-AFD4-4A45-9207-9D3A10473D78}.Release|Any CPU.ActiveCfg = Release|Any CPU
		{33D9BAD3-AFD4-4A45-9207-9D3A10473D78}.Release|Any CPU.Build.0 = Release|Any CPU
		{33D9BAD3-AFD4-4A45-9207-9D3A10473D78}.Release|ARM.ActiveCfg = Release|Any CPU
		{33D9BAD3-AFD4-4A45-9207-9D3A10473D78}.Release|ARM.Build.0 = Release|Any CPU
		{33D9BAD3-AFD4-4A45-9207-9D3A10473D78}.Release|iPhone.ActiveCfg = Release|Any CPU
		{33D9BAD3-AFD4-4A45-9207-9D3A10473D78}.Release|iPhone.Build.0 = Release|Any CPU
		{33D9BAD3-AFD4-4A45-9207-9D3A10473D78}.Release|iPhoneSimulator.ActiveCfg = Release|Any CPU
		{33D9BAD3-AFD4-4A45-9207-9D3A10473D78}.Release|iPhoneSimulator.Build.0 = Release|Any CPU
		{33D9BAD3-AFD4-4A45-9207-9D3A10473D78}.Release|x64.ActiveCfg = Release|Any CPU
		{33D9BAD3-AFD4-4A45-9207-9D3A10473D78}.Release|x64.Build.0 = Release|Any CPU
		{33D9BAD3-AFD4-4A45-9207-9D3A10473D78}.Release|x86.ActiveCfg = Release|Any CPU
		{33D9BAD3-AFD4-4A45-9207-9D3A10473D78}.Release|x86.Build.0 = Release|Any CPU
		{C032FD6F-31CB-4A08-8196-26CA7EE2C92B}.Ad-Hoc|Any CPU.ActiveCfg = Release|x86
		{C032FD6F-31CB-4A08-8196-26CA7EE2C92B}.Ad-Hoc|Any CPU.Build.0 = Release|x86
		{C032FD6F-31CB-4A08-8196-26CA7EE2C92B}.Ad-Hoc|Any CPU.Deploy.0 = Release|x86
		{C032FD6F-31CB-4A08-8196-26CA7EE2C92B}.Ad-Hoc|ARM.ActiveCfg = Release|ARM
		{C032FD6F-31CB-4A08-8196-26CA7EE2C92B}.Ad-Hoc|ARM.Build.0 = Release|ARM
		{C032FD6F-31CB-4A08-8196-26CA7EE2C92B}.Ad-Hoc|ARM.Deploy.0 = Release|ARM
		{C032FD6F-31CB-4A08-8196-26CA7EE2C92B}.Ad-Hoc|iPhone.ActiveCfg = Release|x86
		{C032FD6F-31CB-4A08-8196-26CA7EE2C92B}.Ad-Hoc|iPhone.Build.0 = Release|x86
		{C032FD6F-31CB-4A08-8196-26CA7EE2C92B}.Ad-Hoc|iPhone.Deploy.0 = Release|x86
		{C032FD6F-31CB-4A08-8196-26CA7EE2C92B}.Ad-Hoc|iPhoneSimulator.ActiveCfg = Release|x86
		{C032FD6F-31CB-4A08-8196-26CA7EE2C92B}.Ad-Hoc|iPhoneSimulator.Build.0 = Release|x86
		{C032FD6F-31CB-4A08-8196-26CA7EE2C92B}.Ad-Hoc|iPhoneSimulator.Deploy.0 = Release|x86
		{C032FD6F-31CB-4A08-8196-26CA7EE2C92B}.Ad-Hoc|x64.ActiveCfg = Release|x64
		{C032FD6F-31CB-4A08-8196-26CA7EE2C92B}.Ad-Hoc|x64.Build.0 = Release|x64
		{C032FD6F-31CB-4A08-8196-26CA7EE2C92B}.Ad-Hoc|x64.Deploy.0 = Release|x64
		{C032FD6F-31CB-4A08-8196-26CA7EE2C92B}.Ad-Hoc|x86.ActiveCfg = Release|x86
		{C032FD6F-31CB-4A08-8196-26CA7EE2C92B}.Ad-Hoc|x86.Build.0 = Release|x86
		{C032FD6F-31CB-4A08-8196-26CA7EE2C92B}.Ad-Hoc|x86.Deploy.0 = Release|x86
		{C032FD6F-31CB-4A08-8196-26CA7EE2C92B}.AppStore|Any CPU.ActiveCfg = Release|x86
		{C032FD6F-31CB-4A08-8196-26CA7EE2C92B}.AppStore|Any CPU.Build.0 = Release|x86
		{C032FD6F-31CB-4A08-8196-26CA7EE2C92B}.AppStore|Any CPU.Deploy.0 = Release|x86
		{C032FD6F-31CB-4A08-8196-26CA7EE2C92B}.AppStore|ARM.ActiveCfg = Release|ARM
		{C032FD6F-31CB-4A08-8196-26CA7EE2C92B}.AppStore|ARM.Build.0 = Release|ARM
		{C032FD6F-31CB-4A08-8196-26CA7EE2C92B}.AppStore|ARM.Deploy.0 = Release|ARM
		{C032FD6F-31CB-4A08-8196-26CA7EE2C92B}.AppStore|iPhone.ActiveCfg = Release|x86
		{C032FD6F-31CB-4A08-8196-26CA7EE2C92B}.AppStore|iPhone.Build.0 = Release|x86
		{C032FD6F-31CB-4A08-8196-26CA7EE2C92B}.AppStore|iPhone.Deploy.0 = Release|x86
		{C032FD6F-31CB-4A08-8196-26CA7EE2C92B}.AppStore|iPhoneSimulator.ActiveCfg = Release|x86
		{C032FD6F-31CB-4A08-8196-26CA7EE2C92B}.AppStore|iPhoneSimulator.Build.0 = Release|x86
		{C032FD6F-31CB-4A08-8196-26CA7EE2C92B}.AppStore|iPhoneSimulator.Deploy.0 = Release|x86
		{C032FD6F-31CB-4A08-8196-26CA7EE2C92B}.AppStore|x64.ActiveCfg = Release|x64
		{C032FD6F-31CB-4A08-8196-26CA7EE2C92B}.AppStore|x64.Build.0 = Release|x64
		{C032FD6F-31CB-4A08-8196-26CA7EE2C92B}.AppStore|x64.Deploy.0 = Release|x64
		{C032FD6F-31CB-4A08-8196-26CA7EE2C92B}.AppStore|x86.ActiveCfg = Release|x86
		{C032FD6F-31CB-4A08-8196-26CA7EE2C92B}.AppStore|x86.Build.0 = Release|x86
		{C032FD6F-31CB-4A08-8196-26CA7EE2C92B}.AppStore|x86.Deploy.0 = Release|x86
		{C032FD6F-31CB-4A08-8196-26CA7EE2C92B}.Debug|Any CPU.ActiveCfg = Debug|x86
		{C032FD6F-31CB-4A08-8196-26CA7EE2C92B}.Debug|ARM.ActiveCfg = Debug|ARM
		{C032FD6F-31CB-4A08-8196-26CA7EE2C92B}.Debug|ARM.Build.0 = Debug|ARM
		{C032FD6F-31CB-4A08-8196-26CA7EE2C92B}.Debug|ARM.Deploy.0 = Debug|ARM
		{C032FD6F-31CB-4A08-8196-26CA7EE2C92B}.Debug|iPhone.ActiveCfg = Debug|x86
		{C032FD6F-31CB-4A08-8196-26CA7EE2C92B}.Debug|iPhoneSimulator.ActiveCfg = Debug|x86
		{C032FD6F-31CB-4A08-8196-26CA7EE2C92B}.Debug|x64.ActiveCfg = Debug|x64
		{C032FD6F-31CB-4A08-8196-26CA7EE2C92B}.Debug|x64.Build.0 = Debug|x64
		{C032FD6F-31CB-4A08-8196-26CA7EE2C92B}.Debug|x64.Deploy.0 = Debug|x64
		{C032FD6F-31CB-4A08-8196-26CA7EE2C92B}.Debug|x86.ActiveCfg = Debug|x86
		{C032FD6F-31CB-4A08-8196-26CA7EE2C92B}.Debug|x86.Build.0 = Debug|x86
		{C032FD6F-31CB-4A08-8196-26CA7EE2C92B}.Debug|x86.Deploy.0 = Debug|x86
		{C032FD6F-31CB-4A08-8196-26CA7EE2C92B}.Release|Any CPU.ActiveCfg = Release|x86
		{C032FD6F-31CB-4A08-8196-26CA7EE2C92B}.Release|ARM.ActiveCfg = Release|ARM
		{C032FD6F-31CB-4A08-8196-26CA7EE2C92B}.Release|ARM.Build.0 = Release|ARM
		{C032FD6F-31CB-4A08-8196-26CA7EE2C92B}.Release|ARM.Deploy.0 = Release|ARM
		{C032FD6F-31CB-4A08-8196-26CA7EE2C92B}.Release|iPhone.ActiveCfg = Release|x86
		{C032FD6F-31CB-4A08-8196-26CA7EE2C92B}.Release|iPhoneSimulator.ActiveCfg = Release|x86
		{C032FD6F-31CB-4A08-8196-26CA7EE2C92B}.Release|x64.ActiveCfg = Release|x64
		{C032FD6F-31CB-4A08-8196-26CA7EE2C92B}.Release|x64.Build.0 = Release|x64
		{C032FD6F-31CB-4A08-8196-26CA7EE2C92B}.Release|x64.Deploy.0 = Release|x64
		{C032FD6F-31CB-4A08-8196-26CA7EE2C92B}.Release|x86.ActiveCfg = Release|x86
		{C032FD6F-31CB-4A08-8196-26CA7EE2C92B}.Release|x86.Build.0 = Release|x86
		{C032FD6F-31CB-4A08-8196-26CA7EE2C92B}.Release|x86.Deploy.0 = Release|x86
		{F8549E44-21A9-4C1E-A525-32FB203D5EEC}.Ad-Hoc|Any CPU.ActiveCfg = Ad-Hoc|iPhone
		{F8549E44-21A9-4C1E-A525-32FB203D5EEC}.Ad-Hoc|ARM.ActiveCfg = Ad-Hoc|iPhone
		{F8549E44-21A9-4C1E-A525-32FB203D5EEC}.Ad-Hoc|iPhone.ActiveCfg = Ad-Hoc|iPhone
		{F8549E44-21A9-4C1E-A525-32FB203D5EEC}.Ad-Hoc|iPhone.Build.0 = Ad-Hoc|iPhone
		{F8549E44-21A9-4C1E-A525-32FB203D5EEC}.Ad-Hoc|iPhoneSimulator.ActiveCfg = Ad-Hoc|iPhoneSimulator
		{F8549E44-21A9-4C1E-A525-32FB203D5EEC}.Ad-Hoc|iPhoneSimulator.Build.0 = Ad-Hoc|iPhoneSimulator
		{F8549E44-21A9-4C1E-A525-32FB203D5EEC}.Ad-Hoc|x64.ActiveCfg = Ad-Hoc|iPhone
		{F8549E44-21A9-4C1E-A525-32FB203D5EEC}.Ad-Hoc|x86.ActiveCfg = Ad-Hoc|iPhone
		{F8549E44-21A9-4C1E-A525-32FB203D5EEC}.AppStore|Any CPU.ActiveCfg = AppStore|iPhone
		{F8549E44-21A9-4C1E-A525-32FB203D5EEC}.AppStore|ARM.ActiveCfg = AppStore|iPhone
		{F8549E44-21A9-4C1E-A525-32FB203D5EEC}.AppStore|iPhone.ActiveCfg = AppStore|iPhone
		{F8549E44-21A9-4C1E-A525-32FB203D5EEC}.AppStore|iPhone.Build.0 = AppStore|iPhone
		{F8549E44-21A9-4C1E-A525-32FB203D5EEC}.AppStore|iPhoneSimulator.ActiveCfg = AppStore|iPhoneSimulator
		{F8549E44-21A9-4C1E-A525-32FB203D5EEC}.AppStore|iPhoneSimulator.Build.0 = AppStore|iPhoneSimulator
		{F8549E44-21A9-4C1E-A525-32FB203D5EEC}.AppStore|x64.ActiveCfg = AppStore|iPhone
		{F8549E44-21A9-4C1E-A525-32FB203D5EEC}.AppStore|x86.ActiveCfg = AppStore|iPhone
		{F8549E44-21A9-4C1E-A525-32FB203D5EEC}.Debug|Any CPU.ActiveCfg = Debug|iPhone
		{F8549E44-21A9-4C1E-A525-32FB203D5EEC}.Debug|ARM.ActiveCfg = Debug|iPhone
		{F8549E44-21A9-4C1E-A525-32FB203D5EEC}.Debug|iPhone.ActiveCfg = Debug|iPhone
		{F8549E44-21A9-4C1E-A525-32FB203D5EEC}.Debug|iPhone.Build.0 = Debug|iPhone
		{F8549E44-21A9-4C1E-A525-32FB203D5EEC}.Debug|iPhoneSimulator.ActiveCfg = Debug|iPhoneSimulator
		{F8549E44-21A9-4C1E-A525-32FB203D5EEC}.Debug|iPhoneSimulator.Build.0 = Debug|iPhoneSimulator
		{F8549E44-21A9-4C1E-A525-32FB203D5EEC}.Debug|x64.ActiveCfg = Debug|iPhone
		{F8549E44-21A9-4C1E-A525-32FB203D5EEC}.Debug|x86.ActiveCfg = Debug|iPhone
		{F8549E44-21A9-4C1E-A525-32FB203D5EEC}.Release|Any CPU.ActiveCfg = Release|iPhone
		{F8549E44-21A9-4C1E-A525-32FB203D5EEC}.Release|ARM.ActiveCfg = Release|iPhone
		{F8549E44-21A9-4C1E-A525-32FB203D5EEC}.Release|iPhone.ActiveCfg = Release|iPhone
		{F8549E44-21A9-4C1E-A525-32FB203D5EEC}.Release|iPhone.Build.0 = Release|iPhone
		{F8549E44-21A9-4C1E-A525-32FB203D5EEC}.Release|iPhoneSimulator.ActiveCfg = Release|iPhoneSimulator
		{F8549E44-21A9-4C1E-A525-32FB203D5EEC}.Release|iPhoneSimulator.Build.0 = Release|iPhoneSimulator
		{F8549E44-21A9-4C1E-A525-32FB203D5EEC}.Release|x64.ActiveCfg = Release|iPhone
		{F8549E44-21A9-4C1E-A525-32FB203D5EEC}.Release|x86.ActiveCfg = Release|iPhone
	EndGlobalSection
	GlobalSection(SolutionProperties) = preSolution
		HideSolutionNode = FALSE
	EndGlobalSection
EndGlobal
